
Microsoft Visual Studio Solution File, Format Version 12.00
# Visual Studio Version 17
VisualStudioVersion = 17.6.33712.159
MinimumVisualStudioVersion = 10.0.40219.1
Project("{C9674DCB-5085-4A16-B785-4C70DD1589BD}") = "DWBI_Assignment1", "DWBI_Assignment1.dtproj", "{EB88830D-FF21-480A-9179-86E10AF7C361}"
EndProject
Global
	GlobalSection(SolutionConfigurationPlatforms) = preSolution
		Development|Default = Development|Default
	EndGlobalSection
	GlobalSection(ProjectConfigurationPlatforms) = postSolution
		{EB88830D-FF21-480A-9179-86E10AF7C361}.Development|Default.ActiveCfg = Development
		{EB88830D-FF21-480A-9179-86E10AF7C361}.Development|Default.Build.0 = Development
	EndGlobalSection
	GlobalSection(SolutionProperties) = preSolution
		HideSolutionNode = FALSE
	EndGlobalSection
	GlobalSection(ExtensibilityGlobals) = postSolution
		SolutionGuid = {3F6FCF88-7E46-4BD5-B5E7-96D7FCB3893E}
	EndGlobalSection
EndGlobal
